// !$*UTF8*$!
{
	archiveVersion = 1;
	classes = {
	};
	objectVersion = 52;
	objects = {

/* Begin PBXBuildFile section */
		0433D78D25198F9D007CE573 /* Alamofire in Frameworks */ = {isa = PBXBuildFile; productRef = 0433D78C25198F9D007CE573 /* Alamofire */; };
		0433D79225198FDC007CE573 /* PersonalWebsiteAPI.swift in Sources */ = {isa = PBXBuildFile; fileRef = 0433D79125198FDC007CE573 /* PersonalWebsiteAPI.swift */; };
		0433D7A1251991E5007CE573 /* LoginViewModel.swift in Sources */ = {isa = PBXBuildFile; fileRef = 0433D7A0251991E5007CE573 /* LoginViewModel.swift */; };
		04380A17256A393000C82C4A /* PersonalWebsiteModels in Frameworks */ = {isa = PBXBuildFile; productRef = 04380A16256A393000C82C4A /* PersonalWebsiteModels */; };
		04380A34256A3EEB00C82C4A /* Dictionary+Networking.swift in Sources */ = {isa = PBXBuildFile; fileRef = 04380A33256A3EEB00C82C4A /* Dictionary+Networking.swift */; };
		048188A22518331B000838B5 /* jingweili_me_mobileApp.swift in Sources */ = {isa = PBXBuildFile; fileRef = 048188A12518331B000838B5 /* jingweili_me_mobileApp.swift */; };
		048188A42518331B000838B5 /* ContentView.swift in Sources */ = {isa = PBXBuildFile; fileRef = 048188A32518331B000838B5 /* ContentView.swift */; };
		048188A62518331E000838B5 /* Assets.xcassets in Resources */ = {isa = PBXBuildFile; fileRef = 048188A52518331E000838B5 /* Assets.xcassets */; };
		048188A92518331E000838B5 /* Preview Assets.xcassets in Resources */ = {isa = PBXBuildFile; fileRef = 048188A82518331E000838B5 /* Preview Assets.xcassets */; };
		048188B42518331E000838B5 /* jingweili_me_mobileTests.swift in Sources */ = {isa = PBXBuildFile; fileRef = 048188B32518331E000838B5 /* jingweili_me_mobileTests.swift */; };
		048188BF2518331E000838B5 /* jingweili_me_mobileUITests.swift in Sources */ = {isa = PBXBuildFile; fileRef = 048188BE2518331E000838B5 /* jingweili_me_mobileUITests.swift */; };
		048188DD25183A9B000838B5 /* LoginView.swift in Sources */ = {isa = PBXBuildFile; fileRef = 048188DC25183A9B000838B5 /* LoginView.swift */; };
		04A3E671256AE5F400A17324 /* SessionToken.swift in Sources */ = {isa = PBXBuildFile; fileRef = 04A3E670256AE5F400A17324 /* SessionToken.swift */; };
		04A3E67A256AF1A400A17324 /* FileBrowserView.swift in Sources */ = {isa = PBXBuildFile; fileRef = 04A3E679256AF1A400A17324 /* FileBrowserView.swift */; };
		04A3E680256AF36200A17324 /* GetRequest.swift in Sources */ = {isa = PBXBuildFile; fileRef = 04A3E67F256AF36200A17324 /* GetRequest.swift */; };
		04A3E688256AFD0C00A17324 /* FileBrowserViewModel.swift in Sources */ = {isa = PBXBuildFile; fileRef = 04A3E687256AFD0C00A17324 /* FileBrowserViewModel.swift */; };
		04B1D3AC25967F6800733FEE /* FileCellView.swift in Sources */ = {isa = PBXBuildFile; fileRef = 04B1D3AB25967F6800733FEE /* FileCellView.swift */; };
		04B1D3BB25968E0600733FEE /* FileToBrowse+Extensions.swift in Sources */ = {isa = PBXBuildFile; fileRef = 04B1D3BA25968E0600733FEE /* FileToBrowse+Extensions.swift */; };
		04B1D3C1259D396E00733FEE /* GSImageViewerController in Frameworks */ = {isa = PBXBuildFile; productRef = 04B1D3C0259D396E00733FEE /* GSImageViewerController */; };
		04B1D3CA259D4CBF00733FEE /* FileViewerView.swift in Sources */ = {isa = PBXBuildFile; fileRef = 04B1D3C9259D4CBF00733FEE /* FileViewerView.swift */; };
		04B1D3D2259D559400733FEE /* DownloadRequest.swift in Sources */ = {isa = PBXBuildFile; fileRef = 04B1D3D1259D559400733FEE /* DownloadRequest.swift */; };
		04B1D3D9259D580700733FEE /* FileViewWrapperViewController.swift in Sources */ = {isa = PBXBuildFile; fileRef = 04B1D3D7259D580700733FEE /* FileViewWrapperViewController.swift */; };
		04B1D3DA259D580700733FEE /* FileViewWrapperViewController.xib in Resources */ = {isa = PBXBuildFile; fileRef = 04B1D3D8259D580700733FEE /* FileViewWrapperViewController.xib */; };
		04BE5145259D6ADF00EC6DDA /* UIViewController+Extensions.swift in Sources */ = {isa = PBXBuildFile; fileRef = 04BE5144259D6ADF00EC6DDA /* UIViewController+Extensions.swift */; };
/* End PBXBuildFile section */

/* Begin PBXContainerItemProxy section */
		048188B02518331E000838B5 /* PBXContainerItemProxy */ = {
			isa = PBXContainerItemProxy;
			containerPortal = 048188962518331B000838B5 /* Project object */;
			proxyType = 1;
			remoteGlobalIDString = 0481889D2518331B000838B5;
			remoteInfo = "jingweili.me-mobile";
		};
		048188BB2518331E000838B5 /* PBXContainerItemProxy */ = {
			isa = PBXContainerItemProxy;
			containerPortal = 048188962518331B000838B5 /* Project object */;
			proxyType = 1;
			remoteGlobalIDString = 0481889D2518331B000838B5;
			remoteInfo = "jingweili.me-mobile";
		};
/* End PBXContainerItemProxy section */

/* Begin PBXFileReference section */
		0433D79125198FDC007CE573 /* PersonalWebsiteAPI.swift */ = {isa = PBXFileReference; lastKnownFileType = sourcecode.swift; path = PersonalWebsiteAPI.swift; sourceTree = "<group>"; };
		0433D7A0251991E5007CE573 /* LoginViewModel.swift */ = {isa = PBXFileReference; lastKnownFileType = sourcecode.swift; path = LoginViewModel.swift; sourceTree = "<group>"; };
		04380A33256A3EEB00C82C4A /* Dictionary+Networking.swift */ = {isa = PBXFileReference; lastKnownFileType = sourcecode.swift; path = "Dictionary+Networking.swift"; sourceTree = "<group>"; };
		0481889E2518331B000838B5 /* jingweili.me-mobile.app */ = {isa = PBXFileReference; explicitFileType = wrapper.application; includeInIndex = 0; path = "jingweili.me-mobile.app"; sourceTree = BUILT_PRODUCTS_DIR; };
		048188A12518331B000838B5 /* jingweili_me_mobileApp.swift */ = {isa = PBXFileReference; lastKnownFileType = sourcecode.swift; path = jingweili_me_mobileApp.swift; sourceTree = "<group>"; };
		048188A32518331B000838B5 /* ContentView.swift */ = {isa = PBXFileReference; lastKnownFileType = sourcecode.swift; path = ContentView.swift; sourceTree = "<group>"; };
		048188A52518331E000838B5 /* Assets.xcassets */ = {isa = PBXFileReference; lastKnownFileType = folder.assetcatalog; path = Assets.xcassets; sourceTree = "<group>"; };
		048188A82518331E000838B5 /* Preview Assets.xcassets */ = {isa = PBXFileReference; lastKnownFileType = folder.assetcatalog; path = "Preview Assets.xcassets"; sourceTree = "<group>"; };
		048188AA2518331E000838B5 /* Info.plist */ = {isa = PBXFileReference; lastKnownFileType = text.plist.xml; path = Info.plist; sourceTree = "<group>"; };
		048188AF2518331E000838B5 /* jingweili.me-mobileTests.xctest */ = {isa = PBXFileReference; explicitFileType = wrapper.cfbundle; includeInIndex = 0; path = "jingweili.me-mobileTests.xctest"; sourceTree = BUILT_PRODUCTS_DIR; };
		048188B32518331E000838B5 /* jingweili_me_mobileTests.swift */ = {isa = PBXFileReference; lastKnownFileType = sourcecode.swift; path = jingweili_me_mobileTests.swift; sourceTree = "<group>"; };
		048188B52518331E000838B5 /* Info.plist */ = {isa = PBXFileReference; lastKnownFileType = text.plist.xml; path = Info.plist; sourceTree = "<group>"; };
		048188BA2518331E000838B5 /* jingweili.me-mobileUITests.xctest */ = {isa = PBXFileReference; explicitFileType = wrapper.cfbundle; includeInIndex = 0; path = "jingweili.me-mobileUITests.xctest"; sourceTree = BUILT_PRODUCTS_DIR; };
		048188BE2518331E000838B5 /* jingweili_me_mobileUITests.swift */ = {isa = PBXFileReference; lastKnownFileType = sourcecode.swift; path = jingweili_me_mobileUITests.swift; sourceTree = "<group>"; };
		048188C02518331E000838B5 /* Info.plist */ = {isa = PBXFileReference; lastKnownFileType = text.plist.xml; path = Info.plist; sourceTree = "<group>"; };
		048188DC25183A9B000838B5 /* LoginView.swift */ = {isa = PBXFileReference; lastKnownFileType = sourcecode.swift; path = LoginView.swift; sourceTree = "<group>"; };
		04A3E670256AE5F400A17324 /* SessionToken.swift */ = {isa = PBXFileReference; lastKnownFileType = sourcecode.swift; path = SessionToken.swift; sourceTree = "<group>"; };
		04A3E679256AF1A400A17324 /* FileBrowserView.swift */ = {isa = PBXFileReference; lastKnownFileType = sourcecode.swift; path = FileBrowserView.swift; sourceTree = "<group>"; };
		04A3E67F256AF36200A17324 /* GetRequest.swift */ = {isa = PBXFileReference; lastKnownFileType = sourcecode.swift; path = GetRequest.swift; sourceTree = "<group>"; };
		04A3E687256AFD0C00A17324 /* FileBrowserViewModel.swift */ = {isa = PBXFileReference; lastKnownFileType = sourcecode.swift; path = FileBrowserViewModel.swift; sourceTree = "<group>"; };
		04B1D3AB25967F6800733FEE /* FileCellView.swift */ = {isa = PBXFileReference; lastKnownFileType = sourcecode.swift; path = FileCellView.swift; sourceTree = "<group>"; };
		04B1D3BA25968E0600733FEE /* FileToBrowse+Extensions.swift */ = {isa = PBXFileReference; lastKnownFileType = sourcecode.swift; path = "FileToBrowse+Extensions.swift"; sourceTree = "<group>"; };
		04B1D3C9259D4CBF00733FEE /* FileViewerView.swift */ = {isa = PBXFileReference; lastKnownFileType = sourcecode.swift; path = FileViewerView.swift; sourceTree = "<group>"; };
		04B1D3D1259D559400733FEE /* DownloadRequest.swift */ = {isa = PBXFileReference; lastKnownFileType = sourcecode.swift; path = DownloadRequest.swift; sourceTree = "<group>"; };
		04B1D3D7259D580700733FEE /* FileViewWrapperViewController.swift */ = {isa = PBXFileReference; lastKnownFileType = sourcecode.swift; path = FileViewWrapperViewController.swift; sourceTree = "<group>"; };
		04B1D3D8259D580700733FEE /* FileViewWrapperViewController.xib */ = {isa = PBXFileReference; lastKnownFileType = file.xib; path = FileViewWrapperViewController.xib; sourceTree = "<group>"; };
		04BE5144259D6ADF00EC6DDA /* UIViewController+Extensions.swift */ = {isa = PBXFileReference; lastKnownFileType = sourcecode.swift; path = "UIViewController+Extensions.swift"; sourceTree = "<group>"; };
/* End PBXFileReference section */

/* Begin PBXFrameworksBuildPhase section */
		0481889B2518331B000838B5 /* Frameworks */ = {
			isa = PBXFrameworksBuildPhase;
			buildActionMask = 2147483647;
			files = (
				04B1D3C1259D396E00733FEE /* GSImageViewerController in Frameworks */,
				04380A17256A393000C82C4A /* PersonalWebsiteModels in Frameworks */,
				0433D78D25198F9D007CE573 /* Alamofire in Frameworks */,
			);
			runOnlyForDeploymentPostprocessing = 0;
		};
		048188AC2518331E000838B5 /* Frameworks */ = {
			isa = PBXFrameworksBuildPhase;
			buildActionMask = 2147483647;
			files = (
			);
			runOnlyForDeploymentPostprocessing = 0;
		};
		048188B72518331E000838B5 /* Frameworks */ = {
			isa = PBXFrameworksBuildPhase;
			buildActionMask = 2147483647;
			files = (
			);
			runOnlyForDeploymentPostprocessing = 0;
		};
/* End PBXFrameworksBuildPhase section */

/* Begin PBXGroup section */
		0433D78A25198F5E007CE573 /* API */ = {
			isa = PBXGroup;
			children = (
				0433D79125198FDC007CE573 /* PersonalWebsiteAPI.swift */,
			);
			path = API;
			sourceTree = "<group>";
		};
		04380A1B256A3B2600C82C4A /* Model Classes */ = {
			isa = PBXGroup;
			children = (
				04A3E67E256AF33A00A17324 /* Networking */,
				04380A1C256A3B3700C82C4A /* Extensions */,
				0433D78A25198F5E007CE573 /* API */,
				04A3E670256AE5F400A17324 /* SessionToken.swift */,
			);
			path = "Model Classes";
			sourceTree = "<group>";
		};
		04380A1C256A3B3700C82C4A /* Extensions */ = {
			isa = PBXGroup;
			children = (
				04380A33256A3EEB00C82C4A /* Dictionary+Networking.swift */,
				04BE5144259D6ADF00EC6DDA /* UIViewController+Extensions.swift */,
			);
			path = Extensions;
			sourceTree = "<group>";
		};
		048188952518331B000838B5 = {
			isa = PBXGroup;
			children = (
				048188A02518331B000838B5 /* jingweili.me-mobile */,
				048188B22518331E000838B5 /* jingweili.me-mobileTests */,
				048188BD2518331E000838B5 /* jingweili.me-mobileUITests */,
				0481889F2518331B000838B5 /* Products */,
			);
			sourceTree = "<group>";
		};
		0481889F2518331B000838B5 /* Products */ = {
			isa = PBXGroup;
			children = (
				0481889E2518331B000838B5 /* jingweili.me-mobile.app */,
				048188AF2518331E000838B5 /* jingweili.me-mobileTests.xctest */,
				048188BA2518331E000838B5 /* jingweili.me-mobileUITests.xctest */,
			);
			name = Products;
			sourceTree = "<group>";
		};
		048188A02518331B000838B5 /* jingweili.me-mobile */ = {
			isa = PBXGroup;
			children = (
				04A3E678256AF18C00A17324 /* File Browser */,
				04380A1B256A3B2600C82C4A /* Model Classes */,
				048188DB25183A87000838B5 /* Login */,
				048188A12518331B000838B5 /* jingweili_me_mobileApp.swift */,
				048188A32518331B000838B5 /* ContentView.swift */,
				048188A52518331E000838B5 /* Assets.xcassets */,
				048188AA2518331E000838B5 /* Info.plist */,
				048188A72518331E000838B5 /* Preview Content */,
			);
			path = "jingweili.me-mobile";
			sourceTree = "<group>";
		};
		048188A72518331E000838B5 /* Preview Content */ = {
			isa = PBXGroup;
			children = (
				048188A82518331E000838B5 /* Preview Assets.xcassets */,
			);
			path = "Preview Content";
			sourceTree = "<group>";
		};
		048188B22518331E000838B5 /* jingweili.me-mobileTests */ = {
			isa = PBXGroup;
			children = (
				048188B32518331E000838B5 /* jingweili_me_mobileTests.swift */,
				048188B52518331E000838B5 /* Info.plist */,
			);
			path = "jingweili.me-mobileTests";
			sourceTree = "<group>";
		};
		048188BD2518331E000838B5 /* jingweili.me-mobileUITests */ = {
			isa = PBXGroup;
			children = (
				048188BE2518331E000838B5 /* jingweili_me_mobileUITests.swift */,
				048188C02518331E000838B5 /* Info.plist */,
			);
			path = "jingweili.me-mobileUITests";
			sourceTree = "<group>";
		};
		048188DB25183A87000838B5 /* Login */ = {
			isa = PBXGroup;
			children = (
				048188DC25183A9B000838B5 /* LoginView.swift */,
				0433D7A0251991E5007CE573 /* LoginViewModel.swift */,
			);
			path = Login;
			sourceTree = "<group>";
		};
		04A3E678256AF18C00A17324 /* File Browser */ = {
			isa = PBXGroup;
			children = (
				04B1D3C5259D3A4800733FEE /* File Viewers */,
				04B1D3B625968DAA00733FEE /* Models */,
				04A3E679256AF1A400A17324 /* FileBrowserView.swift */,
				04A3E687256AFD0C00A17324 /* FileBrowserViewModel.swift */,
				04B1D3AB25967F6800733FEE /* FileCellView.swift */,
			);
			path = "File Browser";
			sourceTree = "<group>";
		};
		04A3E67E256AF33A00A17324 /* Networking */ = {
			isa = PBXGroup;
			children = (
				04A3E67F256AF36200A17324 /* GetRequest.swift */,
				04B1D3D1259D559400733FEE /* DownloadRequest.swift */,
			);
			path = Networking;
			sourceTree = "<group>";
		};
		04B1D3B625968DAA00733FEE /* Models */ = {
			isa = PBXGroup;
			children = (
				04B1D3BA25968E0600733FEE /* FileToBrowse+Extensions.swift */,
			);
			path = Models;
			sourceTree = "<group>";
		};
		04B1D3C5259D3A4800733FEE /* File Viewers */ = {
			isa = PBXGroup;
			children = (
				04B1D3C9259D4CBF00733FEE /* FileViewerView.swift */,
				04B1D3D7259D580700733FEE /* FileViewWrapperViewController.swift */,
				04B1D3D8259D580700733FEE /* FileViewWrapperViewController.xib */,
			);
			path = "File Viewers";
			sourceTree = "<group>";
		};
/* End PBXGroup section */

/* Begin PBXNativeTarget section */
		0481889D2518331B000838B5 /* jingweili.me-mobile */ = {
			isa = PBXNativeTarget;
			buildConfigurationList = 048188C32518331E000838B5 /* Build configuration list for PBXNativeTarget "jingweili.me-mobile" */;
			buildPhases = (
				0481889A2518331B000838B5 /* Sources */,
				0481889B2518331B000838B5 /* Frameworks */,
				0481889C2518331B000838B5 /* Resources */,
			);
			buildRules = (
			);
			dependencies = (
			);
			name = "jingweili.me-mobile";
			packageProductDependencies = (
				0433D78C25198F9D007CE573 /* Alamofire */,
				04380A16256A393000C82C4A /* PersonalWebsiteModels */,
				04B1D3C0259D396E00733FEE /* GSImageViewerController */,
			);
			productName = "jingweili.me-mobile";
			productReference = 0481889E2518331B000838B5 /* jingweili.me-mobile.app */;
			productType = "com.apple.product-type.application";
		};
		048188AE2518331E000838B5 /* jingweili.me-mobileTests */ = {
			isa = PBXNativeTarget;
			buildConfigurationList = 048188C62518331E000838B5 /* Build configuration list for PBXNativeTarget "jingweili.me-mobileTests" */;
			buildPhases = (
				048188AB2518331E000838B5 /* Sources */,
				048188AC2518331E000838B5 /* Frameworks */,
				048188AD2518331E000838B5 /* Resources */,
			);
			buildRules = (
			);
			dependencies = (
				048188B12518331E000838B5 /* PBXTargetDependency */,
			);
			name = "jingweili.me-mobileTests";
			productName = "jingweili.me-mobileTests";
			productReference = 048188AF2518331E000838B5 /* jingweili.me-mobileTests.xctest */;
			productType = "com.apple.product-type.bundle.unit-test";
		};
		048188B92518331E000838B5 /* jingweili.me-mobileUITests */ = {
			isa = PBXNativeTarget;
			buildConfigurationList = 048188C92518331E000838B5 /* Build configuration list for PBXNativeTarget "jingweili.me-mobileUITests" */;
			buildPhases = (
				048188B62518331E000838B5 /* Sources */,
				048188B72518331E000838B5 /* Frameworks */,
				048188B82518331E000838B5 /* Resources */,
			);
			buildRules = (
			);
			dependencies = (
				048188BC2518331E000838B5 /* PBXTargetDependency */,
			);
			name = "jingweili.me-mobileUITests";
			productName = "jingweili.me-mobileUITests";
			productReference = 048188BA2518331E000838B5 /* jingweili.me-mobileUITests.xctest */;
			productType = "com.apple.product-type.bundle.ui-testing";
		};
/* End PBXNativeTarget section */

/* Begin PBXProject section */
		048188962518331B000838B5 /* Project object */ = {
			isa = PBXProject;
			attributes = {
				LastSwiftUpdateCheck = 1200;
				LastUpgradeCheck = 1200;
				TargetAttributes = {
					0481889D2518331B000838B5 = {
						CreatedOnToolsVersion = 12.0;
					};
					048188AE2518331E000838B5 = {
						CreatedOnToolsVersion = 12.0;
						TestTargetID = 0481889D2518331B000838B5;
					};
					048188B92518331E000838B5 = {
						CreatedOnToolsVersion = 12.0;
						TestTargetID = 0481889D2518331B000838B5;
					};
				};
			};
			buildConfigurationList = 048188992518331B000838B5 /* Build configuration list for PBXProject "jingweili.me-mobile" */;
			compatibilityVersion = "Xcode 9.3";
			developmentRegion = en;
			hasScannedForEncodings = 0;
			knownRegions = (
				en,
				Base,
			);
			mainGroup = 048188952518331B000838B5;
			packageReferences = (
				0433D78B25198F9D007CE573 /* XCRemoteSwiftPackageReference "Alamofire" */,
				04380A15256A393000C82C4A /* XCRemoteSwiftPackageReference "jingweili.me-models" */,
				04B1D3BF259D396E00733FEE /* XCRemoteSwiftPackageReference "GSImageViewerController" */,
			);
			productRefGroup = 0481889F2518331B000838B5 /* Products */;
			projectDirPath = "";
			projectRoot = "";
			targets = (
				0481889D2518331B000838B5 /* jingweili.me-mobile */,
				048188AE2518331E000838B5 /* jingweili.me-mobileTests */,
				048188B92518331E000838B5 /* jingweili.me-mobileUITests */,
			);
		};
/* End PBXProject section */

/* Begin PBXResourcesBuildPhase section */
		0481889C2518331B000838B5 /* Resources */ = {
			isa = PBXResourcesBuildPhase;
			buildActionMask = 2147483647;
			files = (
				048188A92518331E000838B5 /* Preview Assets.xcassets in Resources */,
				04B1D3DA259D580700733FEE /* FileViewWrapperViewController.xib in Resources */,
				048188A62518331E000838B5 /* Assets.xcassets in Resources */,
			);
			runOnlyForDeploymentPostprocessing = 0;
		};
		048188AD2518331E000838B5 /* Resources */ = {
			isa = PBXResourcesBuildPhase;
			buildActionMask = 2147483647;
			files = (
			);
			runOnlyForDeploymentPostprocessing = 0;
		};
		048188B82518331E000838B5 /* Resources */ = {
			isa = PBXResourcesBuildPhase;
			buildActionMask = 2147483647;
			files = (
			);
			runOnlyForDeploymentPostprocessing = 0;
		};
/* End PBXResourcesBuildPhase section */

/* Begin PBXSourcesBuildPhase section */
		0481889A2518331B000838B5 /* Sources */ = {
			isa = PBXSourcesBuildPhase;
			buildActionMask = 2147483647;
			files = (
				04B1D3BB25968E0600733FEE /* FileToBrowse+Extensions.swift in Sources */,
				04B1D3D9259D580700733FEE /* FileViewWrapperViewController.swift in Sources */,
				0433D79225198FDC007CE573 /* PersonalWebsiteAPI.swift in Sources */,
				04B1D3AC25967F6800733FEE /* FileCellView.swift in Sources */,
				048188DD25183A9B000838B5 /* LoginView.swift in Sources */,
				04A3E671256AE5F400A17324 /* SessionToken.swift in Sources */,
				048188A42518331B000838B5 /* ContentView.swift in Sources */,
				048188A22518331B000838B5 /* jingweili_me_mobileApp.swift in Sources */,
				04B1D3D2259D559400733FEE /* DownloadRequest.swift in Sources */,
				04380A34256A3EEB00C82C4A /* Dictionary+Networking.swift in Sources */,
				04A3E680256AF36200A17324 /* GetRequest.swift in Sources */,
				04A3E67A256AF1A400A17324 /* FileBrowserView.swift in Sources */,
				04BE5145259D6ADF00EC6DDA /* UIViewController+Extensions.swift in Sources */,
				0433D7A1251991E5007CE573 /* LoginViewModel.swift in Sources */,
				04A3E688256AFD0C00A17324 /* FileBrowserViewModel.swift in Sources */,
				04B1D3CA259D4CBF00733FEE /* FileViewerView.swift in Sources */,
			);
			runOnlyForDeploymentPostprocessing = 0;
		};
		048188AB2518331E000838B5 /* Sources */ = {
			isa = PBXSourcesBuildPhase;
			buildActionMask = 2147483647;
			files = (
				048188B42518331E000838B5 /* jingweili_me_mobileTests.swift in Sources */,
			);
			runOnlyForDeploymentPostprocessing = 0;
		};
		048188B62518331E000838B5 /* Sources */ = {
			isa = PBXSourcesBuildPhase;
			buildActionMask = 2147483647;
			files = (
				048188BF2518331E000838B5 /* jingweili_me_mobileUITests.swift in Sources */,
			);
			runOnlyForDeploymentPostprocessing = 0;
		};
/* End PBXSourcesBuildPhase section */

/* Begin PBXTargetDependency section */
		048188B12518331E000838B5 /* PBXTargetDependency */ = {
			isa = PBXTargetDependency;
			target = 0481889D2518331B000838B5 /* jingweili.me-mobile */;
			targetProxy = 048188B02518331E000838B5 /* PBXContainerItemProxy */;
		};
		048188BC2518331E000838B5 /* PBXTargetDependency */ = {
			isa = PBXTargetDependency;
			target = 0481889D2518331B000838B5 /* jingweili.me-mobile */;
			targetProxy = 048188BB2518331E000838B5 /* PBXContainerItemProxy */;
		};
/* End PBXTargetDependency section */

/* Begin XCBuildConfiguration section */
		048188C12518331E000838B5 /* Debug */ = {
			isa = XCBuildConfiguration;
			buildSettings = {
				ALWAYS_SEARCH_USER_PATHS = NO;
				CLANG_ANALYZER_NONNULL = YES;
				CLANG_ANALYZER_NUMBER_OBJECT_CONVERSION = YES_AGGRESSIVE;
				CLANG_CXX_LANGUAGE_STANDARD = "gnu++14";
				CLANG_CXX_LIBRARY = "libc++";
				CLANG_ENABLE_MODULES = YES;
				CLANG_ENABLE_OBJC_ARC = YES;
				CLANG_ENABLE_OBJC_WEAK = YES;
				CLANG_WARN_BLOCK_CAPTURE_AUTORELEASING = YES;
				CLANG_WARN_BOOL_CONVERSION = YES;
				CLANG_WARN_COMMA = YES;
				CLANG_WARN_CONSTANT_CONVERSION = YES;
				CLANG_WARN_DEPRECATED_OBJC_IMPLEMENTATIONS = YES;
				CLANG_WARN_DIRECT_OBJC_ISA_USAGE = YES_ERROR;
				CLANG_WARN_DOCUMENTATION_COMMENTS = YES;
				CLANG_WARN_EMPTY_BODY = YES;
				CLANG_WARN_ENUM_CONVERSION = YES;
				CLANG_WARN_INFINITE_RECURSION = YES;
				CLANG_WARN_INT_CONVERSION = YES;
				CLANG_WARN_NON_LITERAL_NULL_CONVERSION = YES;
				CLANG_WARN_OBJC_IMPLICIT_RETAIN_SELF = YES;
				CLANG_WARN_OBJC_LITERAL_CONVERSION = YES;
				CLANG_WARN_OBJC_ROOT_CLASS = YES_ERROR;
				CLANG_WARN_QUOTED_INCLUDE_IN_FRAMEWORK_HEADER = YES;
				CLANG_WARN_RANGE_LOOP_ANALYSIS = YES;
				CLANG_WARN_STRICT_PROTOTYPES = YES;
				CLANG_WARN_SUSPICIOUS_MOVE = YES;
				CLANG_WARN_UNGUARDED_AVAILABILITY = YES_AGGRESSIVE;
				CLANG_WARN_UNREACHABLE_CODE = YES;
				CLANG_WARN__DUPLICATE_METHOD_MATCH = YES;
				COPY_PHASE_STRIP = NO;
				DEBUG_INFORMATION_FORMAT = dwarf;
				ENABLE_STRICT_OBJC_MSGSEND = YES;
				ENABLE_TESTABILITY = YES;
				GCC_C_LANGUAGE_STANDARD = gnu11;
				GCC_DYNAMIC_NO_PIC = NO;
				GCC_NO_COMMON_BLOCKS = YES;
				GCC_OPTIMIZATION_LEVEL = 0;
				GCC_PREPROCESSOR_DEFINITIONS = (
					"DEBUG=1",
					"$(inherited)",
				);
				GCC_WARN_64_TO_32_BIT_CONVERSION = YES;
				GCC_WARN_ABOUT_RETURN_TYPE = YES_ERROR;
				GCC_WARN_UNDECLARED_SELECTOR = YES;
				GCC_WARN_UNINITIALIZED_AUTOS = YES_AGGRESSIVE;
				GCC_WARN_UNUSED_FUNCTION = YES;
				GCC_WARN_UNUSED_VARIABLE = YES;
				IPHONEOS_DEPLOYMENT_TARGET = 13.5;
				MTL_ENABLE_DEBUG_INFO = INCLUDE_SOURCE;
				MTL_FAST_MATH = YES;
				ONLY_ACTIVE_ARCH = YES;
				SDKROOT = iphoneos;
				SWIFT_ACTIVE_COMPILATION_CONDITIONS = DEBUG;
				SWIFT_OPTIMIZATION_LEVEL = "-Onone";
			};
			name = Debug;
		};
		048188C22518331E000838B5 /* Release */ = {
			isa = XCBuildConfiguration;
			buildSettings = {
				ALWAYS_SEARCH_USER_PATHS = NO;
				CLANG_ANALYZER_NONNULL = YES;
				CLANG_ANALYZER_NUMBER_OBJECT_CONVERSION = YES_AGGRESSIVE;
				CLANG_CXX_LANGUAGE_STANDARD = "gnu++14";
				CLANG_CXX_LIBRARY = "libc++";
				CLANG_ENABLE_MODULES = YES;
				CLANG_ENABLE_OBJC_ARC = YES;
				CLANG_ENABLE_OBJC_WEAK = YES;
				CLANG_WARN_BLOCK_CAPTURE_AUTORELEASING = YES;
				CLANG_WARN_BOOL_CONVERSION = YES;
				CLANG_WARN_COMMA = YES;
				CLANG_WARN_CONSTANT_CONVERSION = YES;
				CLANG_WARN_DEPRECATED_OBJC_IMPLEMENTATIONS = YES;
				CLANG_WARN_DIRECT_OBJC_ISA_USAGE = YES_ERROR;
				CLANG_WARN_DOCUMENTATION_COMMENTS = YES;
				CLANG_WARN_EMPTY_BODY = YES;
				CLANG_WARN_ENUM_CONVERSION = YES;
				CLANG_WARN_INFINITE_RECURSION = YES;
				CLANG_WARN_INT_CONVERSION = YES;
				CLANG_WARN_NON_LITERAL_NULL_CONVERSION = YES;
				CLANG_WARN_OBJC_IMPLICIT_RETAIN_SELF = YES;
				CLANG_WARN_OBJC_LITERAL_CONVERSION = YES;
				CLANG_WARN_OBJC_ROOT_CLASS = YES_ERROR;
				CLANG_WARN_QUOTED_INCLUDE_IN_FRAMEWORK_HEADER = YES;
				CLANG_WARN_RANGE_LOOP_ANALYSIS = YES;
				CLANG_WARN_STRICT_PROTOTYPES = YES;
				CLANG_WARN_SUSPICIOUS_MOVE = YES;
				CLANG_WARN_UNGUARDED_AVAILABILITY = YES_AGGRESSIVE;
				CLANG_WARN_UNREACHABLE_CODE = YES;
				CLANG_WARN__DUPLICATE_METHOD_MATCH = YES;
				COPY_PHASE_STRIP = NO;
				DEBUG_INFORMATION_FORMAT = "dwarf-with-dsym";
				ENABLE_NS_ASSERTIONS = NO;
				ENABLE_STRICT_OBJC_MSGSEND = YES;
				GCC_C_LANGUAGE_STANDARD = gnu11;
				GCC_NO_COMMON_BLOCKS = YES;
				GCC_WARN_64_TO_32_BIT_CONVERSION = YES;
				GCC_WARN_ABOUT_RETURN_TYPE = YES_ERROR;
				GCC_WARN_UNDECLARED_SELECTOR = YES;
				GCC_WARN_UNINITIALIZED_AUTOS = YES_AGGRESSIVE;
				GCC_WARN_UNUSED_FUNCTION = YES;
				GCC_WARN_UNUSED_VARIABLE = YES;
				IPHONEOS_DEPLOYMENT_TARGET = 13.5;
				MTL_ENABLE_DEBUG_INFO = NO;
				MTL_FAST_MATH = YES;
				SDKROOT = iphoneos;
				SWIFT_COMPILATION_MODE = wholemodule;
				SWIFT_OPTIMIZATION_LEVEL = "-O";
				VALIDATE_PRODUCT = YES;
			};
			name = Release;
		};
		048188C42518331E000838B5 /* Debug */ = {
			isa = XCBuildConfiguration;
			buildSettings = {
				ASSETCATALOG_COMPILER_APPICON_NAME = AppIcon;
				ASSETCATALOG_COMPILER_GLOBAL_ACCENT_COLOR_NAME = AccentColor;
				CODE_SIGN_STYLE = Automatic;
				DEVELOPMENT_ASSET_PATHS = "\"jingweili.me-mobile/Preview Content\"";
				DEVELOPMENT_TEAM = NDBTK98VL3;
				ENABLE_PREVIEWS = YES;
				INFOPLIST_FILE = "jingweili.me-mobile/Info.plist";
				IPHONEOS_DEPLOYMENT_TARGET = 14.0;
				LD_RUNPATH_SEARCH_PATHS = (
					"$(inherited)",
					"@executable_path/Frameworks",
				);
				PRODUCT_BUNDLE_IDENTIFIER = "com.jingweili.jingweili-me-mobile";
				PRODUCT_NAME = "$(TARGET_NAME)";
				SWIFT_VERSION = 5.0;
				TARGETED_DEVICE_FAMILY = "1,2";
			};
			name = Debug;
		};
		048188C52518331E000838B5 /* Release */ = {
			isa = XCBuildConfiguration;
			buildSettings = {
				ASSETCATALOG_COMPILER_APPICON_NAME = AppIcon;
				ASSETCATALOG_COMPILER_GLOBAL_ACCENT_COLOR_NAME = AccentColor;
				CODE_SIGN_STYLE = Automatic;
				DEVELOPMENT_ASSET_PATHS = "\"jingweili.me-mobile/Preview Content\"";
				DEVELOPMENT_TEAM = NDBTK98VL3;
				ENABLE_PREVIEWS = YES;
				INFOPLIST_FILE = "jingweili.me-mobile/Info.plist";
				IPHONEOS_DEPLOYMENT_TARGET = 14.0;
				LD_RUNPATH_SEARCH_PATHS = (
					"$(inherited)",
					"@executable_path/Frameworks",
				);
				PRODUCT_BUNDLE_IDENTIFIER = "com.jingweili.jingweili-me-mobile";
				PRODUCT_NAME = "$(TARGET_NAME)";
				SWIFT_VERSION = 5.0;
				TARGETED_DEVICE_FAMILY = "1,2";
			};
			name = Release;
		};
		048188C72518331E000838B5 /* Debug */ = {
			isa = XCBuildConfiguration;
			buildSettings = {
				ALWAYS_EMBED_SWIFT_STANDARD_LIBRARIES = YES;
				BUNDLE_LOADER = "$(TEST_HOST)";
				CODE_SIGN_STYLE = Automatic;
				DEVELOPMENT_TEAM = NDBTK98VL3;
				INFOPLIST_FILE = "jingweili.me-mobileTests/Info.plist";
				IPHONEOS_DEPLOYMENT_TARGET = 14.0;
				LD_RUNPATH_SEARCH_PATHS = (
					"$(inherited)",
					"@executable_path/Frameworks",
					"@loader_path/Frameworks",
				);
				PRODUCT_BUNDLE_IDENTIFIER = "com.jingweili.jingweili-me-mobileTests";
				PRODUCT_NAME = "$(TARGET_NAME)";
				SWIFT_VERSION = 5.0;
				TARGETED_DEVICE_FAMILY = "1,2";
				TEST_HOST = "$(BUILT_PRODUCTS_DIR)/jingweili.me-mobile.app/jingweili.me-mobile";
			};
			name = Debug;
		};
		048188C82518331E000838B5 /* Release */ = {
			isa = XCBuildConfiguration;
			buildSettings = {
				ALWAYS_EMBED_SWIFT_STANDARD_LIBRARIES = YES;
				BUNDLE_LOADER = "$(TEST_HOST)";
				CODE_SIGN_STYLE = Automatic;
				DEVELOPMENT_TEAM = NDBTK98VL3;
				INFOPLIST_FILE = "jingweili.me-mobileTests/Info.plist";
				IPHONEOS_DEPLOYMENT_TARGET = 14.0;
				LD_RUNPATH_SEARCH_PATHS = (
					"$(inherited)",
					"@executable_path/Frameworks",
					"@loader_path/Frameworks",
				);
				PRODUCT_BUNDLE_IDENTIFIER = "com.jingweili.jingweili-me-mobileTests";
				PRODUCT_NAME = "$(TARGET_NAME)";
				SWIFT_VERSION = 5.0;
				TARGETED_DEVICE_FAMILY = "1,2";
				TEST_HOST = "$(BUILT_PRODUCTS_DIR)/jingweili.me-mobile.app/jingweili.me-mobile";
			};
			name = Release;
		};
		048188CA2518331E000838B5 /* Debug */ = {
			isa = XCBuildConfiguration;
			buildSettings = {
				ALWAYS_EMBED_SWIFT_STANDARD_LIBRARIES = YES;
				CODE_SIGN_STYLE = Automatic;
				DEVELOPMENT_TEAM = NDBTK98VL3;
				INFOPLIST_FILE = "jingweili.me-mobileUITests/Info.plist";
				LD_RUNPATH_SEARCH_PATHS = (
					"$(inherited)",
					"@executable_path/Frameworks",
					"@loader_path/Frameworks",
				);
				PRODUCT_BUNDLE_IDENTIFIER = "com.jingweili.jingweili-me-mobileUITests";
				PRODUCT_NAME = "$(TARGET_NAME)";
				SWIFT_VERSION = 5.0;
				TARGETED_DEVICE_FAMILY = "1,2";
				TEST_TARGET_NAME = "jingweili.me-mobile";
			};
			name = Debug;
		};
		048188CB2518331E000838B5 /* Release */ = {
			isa = XCBuildConfiguration;
			buildSettings = {
				ALWAYS_EMBED_SWIFT_STANDARD_LIBRARIES = YES;
				CODE_SIGN_STYLE = Automatic;
				DEVELOPMENT_TEAM = NDBTK98VL3;
				INFOPLIST_FILE = "jingweili.me-mobileUITests/Info.plist";
				LD_RUNPATH_SEARCH_PATHS = (
					"$(inherited)",
					"@executable_path/Frameworks",
					"@loader_path/Frameworks",
				);
				PRODUCT_BUNDLE_IDENTIFIER = "com.jingweili.jingweili-me-mobileUITests";
				PRODUCT_NAME = "$(TARGET_NAME)";
				SWIFT_VERSION = 5.0;
				TARGETED_DEVICE_FAMILY = "1,2";
				TEST_TARGET_NAME = "jingweili.me-mobile";
			};
			name = Release;
		};
/* End XCBuildConfiguration section */

/* Begin XCConfigurationList section */
		048188992518331B000838B5 /* Build configuration list for PBXProject "jingweili.me-mobile" */ = {
			isa = XCConfigurationList;
			buildConfigurations = (
				048188C12518331E000838B5 /* Debug */,
				048188C22518331E000838B5 /* Release */,
			);
			defaultConfigurationIsVisible = 0;
			defaultConfigurationName = Release;
		};
		048188C32518331E000838B5 /* Build configuration list for PBXNativeTarget "jingweili.me-mobile" */ = {
			isa = XCConfigurationList;
			buildConfigurations = (
				048188C42518331E000838B5 /* Debug */,
				048188C52518331E000838B5 /* Release */,
			);
			defaultConfigurationIsVisible = 0;
			defaultConfigurationName = Release;
		};
		048188C62518331E000838B5 /* Build configuration list for PBXNativeTarget "jingweili.me-mobileTests" */ = {
			isa = XCConfigurationList;
			buildConfigurations = (
				048188C72518331E000838B5 /* Debug */,
				048188C82518331E000838B5 /* Release */,
			);
			defaultConfigurationIsVisible = 0;
			defaultConfigurationName = Release;
		};
		048188C92518331E000838B5 /* Build configuration list for PBXNativeTarget "jingweili.me-mobileUITests" */ = {
			isa = XCConfigurationList;
			buildConfigurations = (
				048188CA2518331E000838B5 /* Debug */,
				048188CB2518331E000838B5 /* Release */,
			);
			defaultConfigurationIsVisible = 0;
			defaultConfigurationName = Release;
		};
/* End XCConfigurationList section */

/* Begin XCRemoteSwiftPackageReference section */
		0433D78B25198F9D007CE573 /* XCRemoteSwiftPackageReference "Alamofire" */ = {
			isa = XCRemoteSwiftPackageReference;
			repositoryURL = "https://github.com/Alamofire/Alamofire.git";
			requirement = {
				kind = upToNextMajorVersion;
				minimumVersion = 5.2.2;
			};
		};
		04380A15256A393000C82C4A /* XCRemoteSwiftPackageReference "jingweili.me-models" */ = {
			isa = XCRemoteSwiftPackageReference;
			repositoryURL = "https://github.com/ljw980105/jingweili.me-models.git";
			requirement = {
				kind = upToNextMajorVersion;
				minimumVersion = 1.1.0;
			};
		};
		04B1D3BF259D396E00733FEE /* XCRemoteSwiftPackageReference "GSImageViewerController" */ = {
			isa = XCRemoteSwiftPackageReference;
			repositoryURL = "https://github.com/wxxsw/GSImageViewerController.git";
			requirement = {
				kind = upToNextMajorVersion;
				minimumVersion = 1.6.3;
			};
		};
/* End XCRemoteSwiftPackageReference section */

/* Begin XCSwiftPackageProductDependency section */
		0433D78C25198F9D007CE573 /* Alamofire */ = {
			isa = XCSwiftPackageProductDependency;
			package = 0433D78B25198F9D007CE573 /* XCRemoteSwiftPackageReference "Alamofire" */;
			productName = Alamofire;
		};
		04380A16256A393000C82C4A /* PersonalWebsiteModels */ = {
			isa = XCSwiftPackageProductDependency;
			package = 04380A15256A393000C82C4A /* XCRemoteSwiftPackageReference "jingweili.me-models" */;
			productName = PersonalWebsiteModels;
		};
		04B1D3C0259D396E00733FEE /* GSImageViewerController */ = {
			isa = XCSwiftPackageProductDependency;
			package = 04B1D3BF259D396E00733FEE /* XCRemoteSwiftPackageReference "GSImageViewerController" */;
			productName = GSImageViewerController;
		};
/* End XCSwiftPackageProductDependency section */
	};
	rootObject = 048188962518331B000838B5 /* Project object */;
}
